
Microsoft Visual Studio Solution File, Format Version 12.00
# Visual Studio 2013
VisualStudioVersion = 12.0.31101.0
MinimumVisualStudioVersion = 10.0.40219.1
Project("{8BC9CEB8-8B4A-11D0-8D11-00A0C91BC942}") = "CuteTorrent", "src\CuteTorrent.vcxproj", "{70F5A0DA-CA59-3F5B-AE7B-2417C8B535AC}"
EndProject
Global
	GlobalSection(SolutionConfigurationPlatforms) = preSolution
		Release with debug symbols|Win32 = Release with debug symbols|Win32
		Release|Win32 = Release|Win32
	EndGlobalSection
	GlobalSection(ProjectConfigurationPlatforms) = postSolution
		{70F5A0DA-CA59-3F5B-AE7B-2417C8B535AC}.Release with debug symbols|Win32.ActiveCfg = Release with debug symbols|Win32
		{70F5A0DA-CA59-3F5B-AE7B-2417C8B535AC}.Release with debug symbols|Win32.Build.0 = Release with debug symbols|Win32
		{70F5A0DA-CA59-3F5B-AE7B-2417C8B535AC}.Release|Win32.ActiveCfg = Release|Win32
		{70F5A0DA-CA59-3F5B-AE7B-2417C8B535AC}.Release|Win32.Build.0 = Release|Win32
	EndGlobalSection
	GlobalSection(SolutionProperties) = preSolution
		HideSolutionNode = FALSE
	EndGlobalSection
	GlobalSection(Performance) = preSolution
		HasPerformanceSessions = true
	EndGlobalSection
EndGlobal
