
Microsoft Visual Studio Solution File, Format Version 11.00
# Visual Studio 2010
Project("{8BC9CEB8-8B4A-11D0-8D11-00A0C91BC942}") = "CuteTorrent", "src\CuteTorrent.vcxproj", "{70F5A0DA-CA59-3F5B-AE7B-2417C8B535AC}"
EndProject
Global
	GlobalSection(SolutionConfigurationPlatforms) = preSolution
		Debug|Win32 = Debug|Win32
		Debug|x64 = Debug|x64
		Release with debug symbols|Win32 = Release with debug symbols|Win32
		Release with debug symbols|x64 = Release with debug symbols|x64
		Release|Win32 = Release|Win32
		Release|x64 = Release|x64
	EndGlobalSection
	GlobalSection(ProjectConfigurationPlatforms) = postSolution
		{70F5A0DA-CA59-3F5B-AE7B-2417C8B535AC}.Debug|Win32.ActiveCfg = Debug|Win32
		{70F5A0DA-CA59-3F5B-AE7B-2417C8B535AC}.Debug|Win32.Build.0 = Debug|Win32
		{70F5A0DA-CA59-3F5B-AE7B-2417C8B535AC}.Debug|x64.ActiveCfg = Debug|x64
		{70F5A0DA-CA59-3F5B-AE7B-2417C8B535AC}.Debug|x64.Build.0 = Debug|x64
		{70F5A0DA-CA59-3F5B-AE7B-2417C8B535AC}.Release with debug symbols|Win32.ActiveCfg = Release with debug symbols|Win32
		{70F5A0DA-CA59-3F5B-AE7B-2417C8B535AC}.Release with debug symbols|Win32.Build.0 = Release with debug symbols|Win32
		{70F5A0DA-CA59-3F5B-AE7B-2417C8B535AC}.Release with debug symbols|x64.ActiveCfg = Release with debug symbols|x64
		{70F5A0DA-CA59-3F5B-AE7B-2417C8B535AC}.Release with debug symbols|x64.Build.0 = Release with debug symbols|x64
		{70F5A0DA-CA59-3F5B-AE7B-2417C8B535AC}.Release|Win32.ActiveCfg = Release|Win32
		{70F5A0DA-CA59-3F5B-AE7B-2417C8B535AC}.Release|Win32.Build.0 = Release|Win32
		{70F5A0DA-CA59-3F5B-AE7B-2417C8B535AC}.Release|x64.ActiveCfg = Release|x64
		{70F5A0DA-CA59-3F5B-AE7B-2417C8B535AC}.Release|x64.Build.0 = Release|x64
	EndGlobalSection
	GlobalSection(SolutionProperties) = preSolution
		HideSolutionNode = FALSE
	EndGlobalSection
EndGlobal
