<?xml version="1.0" encoding="utf-8"?>
<Project ToolsVersion="4.0" xmlns="http://schemas.microsoft.com/developer/msbuild/2003">
  <ItemGroup>
    <Filter Include="Comments">
      <UniqueIdentifier>{607dc21a-a96a-48c5-a6bc-27e14c5839cd}</UniqueIdentifier>
    </Filter>
    <Filter Include="Comments\gui\Dialogs">
      <UniqueIdentifier>{3c5e0992-8adf-4947-9851-a3e08c20abce}</UniqueIdentifier>
    </Filter>
    <Filter Include="Comments\gui">
      <UniqueIdentifier>{6a3a5999-940f-4a29-aa71-536eec72e684}</UniqueIdentifier>
    </Filter>
    <Filter Include="Comments\ViewModels">
      <UniqueIdentifier>{c5aa58c8-ecca-4045-beda-000dc5cf95f1}</UniqueIdentifier>
    </Filter>
    <Filter Include="core">
      <UniqueIdentifier>{cdb7accd-6c5f-45f3-bfee-aa74774619fc}</UniqueIdentifier>
    </Filter>
    <Filter Include="core\avaliableSpacePlugin">
      <UniqueIdentifier>{4f93b995-2f1f-4eb0-85cb-73c0a8ab89ac}</UniqueIdentifier>
    </Filter>
    <Filter Include="core\datamodels">
      <UniqueIdentifier>{e0c26cb3-afa8-4ad5-b3d0-086480dd29ff}</UniqueIdentifier>
    </Filter>
    <Filter Include="core\datamodels\json">
      <UniqueIdentifier>{a989ed63-0d25-40ca-b9ab-98509b111685}</UniqueIdentifier>
    </Filter>
    <Filter Include="core\datamodels\SGML">
      <UniqueIdentifier>{d0df9354-36b9-4bd9-a57e-73c931f77b7c}</UniqueIdentifier>
    </Filter>
    <Filter Include="core\gui\backupwizard">
      <UniqueIdentifier>{3979ae87-dfc0-41a8-9a7d-c87f14056ff3}</UniqueIdentifier>
    </Filter>
    <Filter Include="core\gui">
      <UniqueIdentifier>{59bd70a4-d0af-468c-88e3-af12ad84af4e}</UniqueIdentifier>
    </Filter>
    <Filter Include="core\gui\Controls">
      <UniqueIdentifier>{360109b1-e076-4f86-af9a-a7342f45ac71}</UniqueIdentifier>
    </Filter>
    <Filter Include="core\gui\Controls\MRichTextEdit">
      <UniqueIdentifier>{54f704a9-d1c9-42cd-8a78-b7399b37dfc0}</UniqueIdentifier>
    </Filter>
    <Filter Include="core\gui\Dialogs">
      <UniqueIdentifier>{488d9178-faf6-4759-8897-d723b32f3777}</UniqueIdentifier>
    </Filter>
    <Filter Include="core\gui\ImportWizard">
      <UniqueIdentifier>{9ccfefae-e8d1-49ff-ab78-0a7ed487d166}</UniqueIdentifier>
    </Filter>
    <Filter Include="core\gui\ImportWizard\Importers">
      <UniqueIdentifier>{10b4662c-0e9a-4d42-b6d4-8ad5278083a5}</UniqueIdentifier>
    </Filter>
    <Filter Include="core\gui\Utils">
      <UniqueIdentifier>{cf8db544-f698-4ac9-8ee9-f5875f923eaa}</UniqueIdentifier>
    </Filter>
    <Filter Include="core\helpers">
      <UniqueIdentifier>{6a469543-443b-421e-a236-de8f84cd6c02}</UniqueIdentifier>
    </Filter>
    <Filter Include="core\http">
      <UniqueIdentifier>{b4a2de11-efb5-4a8e-b65b-e61c4678fc08}</UniqueIdentifier>
    </Filter>
    <Filter Include="core\qtsingleapplication\src">
      <UniqueIdentifier>{46380bfb-5ade-4bb8-b3b8-5447964fd8b8}</UniqueIdentifier>
    </Filter>
    <Filter Include="core\qtsingleapplication">
      <UniqueIdentifier>{3d482deb-59eb-42bb-8b2d-36e9665fc5a4}</UniqueIdentifier>
    </Filter>
    <Filter Include="core\smtp">
      <UniqueIdentifier>{278e7360-a40a-434d-b932-3b496f5eaa7d}</UniqueIdentifier>
    </Filter>
    <Filter Include="core\viewModel">
      <UniqueIdentifier>{d3d720dd-1e99-4d46-bc07-c8e8d279a042}</UniqueIdentifier>
    </Filter>
    <Filter Include="core\viewModel\itemDelegate">
      <UniqueIdentifier>{83c4d5af-f3a7-4fd0-bc72-05b1afacdc18}</UniqueIdentifier>
    </Filter>
    <Filter Include="core\zip">
      <UniqueIdentifier>{d748fefb-8d18-4be4-97a6-cd1d9f203031}</UniqueIdentifier>
    </Filter>
    <Filter Include="GeneratedFiles">
      <UniqueIdentifier>{e548405c-9c95-4201-99e8-8d5b5da89131}</UniqueIdentifier>
    </Filter>
    <Filter Include="GeneratedFiles\Release">
      <UniqueIdentifier>{d7f9b110-d898-4446-bc28-9a1a91b5bfa5}</UniqueIdentifier>
    </Filter>
    <Filter Include="rss\core">
      <UniqueIdentifier>{10982d46-abb1-417b-9888-85395e5300a7}</UniqueIdentifier>
    </Filter>
    <Filter Include="rss">
      <UniqueIdentifier>{f5c8e3f1-883c-4e67-8b46-736a7c109cbe}</UniqueIdentifier>
    </Filter>
    <Filter Include="rss\datamodels">
      <UniqueIdentifier>{e7a3f2e8-9a39-4588-8f36-384e49df2ad4}</UniqueIdentifier>
    </Filter>
    <Filter Include="rss\gui\Dialogs">
      <UniqueIdentifier>{c61f07d2-ad06-46cd-8011-4c9c50ed99be}</UniqueIdentifier>
    </Filter>
    <Filter Include="rss\gui">
      <UniqueIdentifier>{568463a9-043e-4aa2-a6c3-97770dd79fcc}</UniqueIdentifier>
    </Filter>
    <Filter Include="rss\viewmodels\ItemDelegate">
      <UniqueIdentifier>{3b213368-ca80-48e2-92ad-4d14f801a35b}</UniqueIdentifier>
    </Filter>
    <Filter Include="rss\viewmodels">
      <UniqueIdentifier>{48733025-43f0-4688-b867-3af5c29efaba}</UniqueIdentifier>
    </Filter>
    <Filter Include="scheduller">
      <UniqueIdentifier>{fa279d65-6171-4ed6-884b-d8cf6ae397c9}</UniqueIdentifier>
    </Filter>
    <Filter Include="search\core">
      <UniqueIdentifier>{b940a607-1749-4b78-9b50-f749b3dabcf5}</UniqueIdentifier>
    </Filter>
    <Filter Include="search">
      <UniqueIdentifier>{e4edf6bc-7166-46b6-8749-2f6f32c92ee5}</UniqueIdentifier>
    </Filter>
    <Filter Include="search\dataModels">
      <UniqueIdentifier>{a41462ed-5f53-44eb-8607-3db8e3f339d3}</UniqueIdentifier>
    </Filter>
    <Filter Include="search\searchproviders">
      <UniqueIdentifier>{75ae3a5a-5e80-4c68-9f28-100f82c376f9}</UniqueIdentifier>
    </Filter>
    <Filter Include="search\viewmodels\ItemDelegate">
      <UniqueIdentifier>{ab2e84b0-a060-48fd-bba0-906c2f8597c9}</UniqueIdentifier>
    </Filter>
    <Filter Include="search\viewmodels">
      <UniqueIdentifier>{d2d3ebf8-b399-4062-8962-86eddf9d1294}</UniqueIdentifier>
    </Filter>
    <Filter Include="torrent\core">
      <UniqueIdentifier>{6945882d-7cc0-41d6-9202-896b21205c5e}</UniqueIdentifier>
    </Filter>
    <Filter Include="torrent">
      <UniqueIdentifier>{6e196ea6-01a2-4067-8040-39b444d70053}</UniqueIdentifier>
    </Filter>
    <Filter Include="torrent\gui\Controls">
      <UniqueIdentifier>{e6253f72-2caf-4dfa-944a-8f9186920fa7}</UniqueIdentifier>
    </Filter>
    <Filter Include="torrent\gui">
      <UniqueIdentifier>{b581dffe-f403-43d4-b445-d87aa110eda0}</UniqueIdentifier>
    </Filter>
    <Filter Include="torrent\gui\Dialogs">
      <UniqueIdentifier>{78a97882-50a1-4273-9466-d15e9217afd7}</UniqueIdentifier>
    </Filter>
    <Filter Include="torrent\viewmodels\ItemDelegate">
      <UniqueIdentifier>{0e662f87-8e11-4aef-b93f-363fd4792e48}</UniqueIdentifier>
    </Filter>
    <Filter Include="torrent\viewmodels">
      <UniqueIdentifier>{dfad592e-eae7-4505-83ba-85cc5a206673}</UniqueIdentifier>
    </Filter>
    <Filter Include="tracker">
      <UniqueIdentifier>{e82ebcb2-f0a8-4e62-87c8-39e5ef87a4b0}</UniqueIdentifier>
    </Filter>
    <Filter Include="webControll">
      <UniqueIdentifier>{917a78a7-374a-4099-98f9-41307e4380cc}</UniqueIdentifier>
    </Filter>
    <Filter Include="GeneratedFiles\Debug">
      <UniqueIdentifier>{178f84f8-76f4-4ff9-addf-eab323141dfd}</UniqueIdentifier>
    </Filter>
    <Filter Include="Resources">
      <UniqueIdentifier>{7ae59ef2-201b-4777-88ed-a6c70d7c1116}</UniqueIdentifier>
    </Filter>
    <Filter Include="core\collections">
      <UniqueIdentifier>{9d7a432d-aee1-416a-b80e-3038e2bbc1e9}</UniqueIdentifier>
    </Filter>
    <Filter Include="Resource Files">
      <UniqueIdentifier>{D9D6E242-F8AF-46E4-B9FD-80ECBC20BA3E}</UniqueIdentifier>
      <Extensions>qrc;*</Extensions>
      <ParseFiles>false</ParseFiles>
    </Filter>
    <Filter Include="Resources\Translations">
      <UniqueIdentifier>{f1cc2887-390c-4653-b17a-2d2623248540}</UniqueIdentifier>
    </Filter>
    <Filter Include="Form Files">
      <UniqueIdentifier>{99349809-55BA-4b9d-BF79-8FDBB0286EB3}</UniqueIdentifier>
      <Extensions>ui</Extensions>
      <ParseFiles>true</ParseFiles>
    </Filter>
    <Filter Include="Header Files">
      <UniqueIdentifier>{93995380-89BD-4b04-88EB-625FBE52EBFB}</UniqueIdentifier>
      <Extensions>h</Extensions>
      <ParseFiles>true</ParseFiles>
    </Filter>
    <Filter Include="Generated Files">
      <UniqueIdentifier>{71ED8ED8-ACB9-4CE9-BBE1-E00B30144E11}</UniqueIdentifier>
      <Extensions>moc;h;cpp</Extensions>
      <ParseFiles>true</ParseFiles>
    </Filter>
    <Filter Include="Generated Files\Debug">
      <UniqueIdentifier>{82371732-3fdb-42d8-b336-f2ab3fa7ea61}</UniqueIdentifier>
      <Extensions>cpp;moc</Extensions>
      <SourceControlFiles>False</SourceControlFiles>
    </Filter>
    <Filter Include="Generated Files\Release">
      <UniqueIdentifier>{fcb106ec-34a1-46a6-a0ec-83729a2ae04a}</UniqueIdentifier>
      <Extensions>cpp;moc</Extensions>
      <SourceControlFiles>False</SourceControlFiles>
    </Filter>
    <Filter Include="Source Files">
      <UniqueIdentifier>{4FC737F1-C7A5-4376-A066-2A32D752A2FF}</UniqueIdentifier>
      <Extensions>cpp;cxx;c;def</Extensions>
      <ParseFiles>true</ParseFiles>
    </Filter>
  </ItemGroup>
  <ItemGroup>
    <ClCompile Include="core\application.cpp">
      <Filter>core</Filter>
    </ClCompile>
    <ClCompile Include="core\avaliableSpacePlugin\avaliable_space_verifier_plugin.cpp">
      <Filter>core\avaliableSpacePlugin</Filter>
    </ClCompile>
    <ClCompile Include="core\datamodels\FileViewTreeItem.cpp">
      <Filter>core\datamodels</Filter>
    </ClCompile>
    <ClCompile Include="core\datamodels\json\json.cpp">
      <Filter>core\datamodels\json</Filter>
    </ClCompile>
    <ClCompile Include="core\datamodels\SGML\QSgml.cpp">
      <Filter>core\datamodels\SGML</Filter>
    </ClCompile>
    <ClCompile Include="core\datamodels\SGML\QSgmlTag.cpp">
      <Filter>core\datamodels\SGML</Filter>
    </ClCompile>
    <ClCompile Include="core\EmailNotifier.cpp">
      <Filter>core</Filter>
    </ClCompile>
    <ClCompile Include="core\EmailValidator.cpp">
      <Filter>core</Filter>
    </ClCompile>
    <ClCompile Include="core\FaviconDownloader.cpp">
      <Filter>core</Filter>
    </ClCompile>
    <ClCompile Include="core\filedownloader.cpp">
      <Filter>core</Filter>
    </ClCompile>
    <ClCompile Include="core\GroupForFileFiltering.cpp">
      <Filter>core</Filter>
    </ClCompile>
    <ClCompile Include="core\gui\backupwizard\applybackuppage.cpp">
      <Filter>core\gui\backupwizard</Filter>
    </ClCompile>
    <ClCompile Include="core\gui\backupwizard\backupwizard.cpp">
      <Filter>core\gui\backupwizard</Filter>
    </ClCompile>
    <ClCompile Include="core\gui\backupwizard\createbackuppage.cpp">
      <Filter>core\gui\backupwizard</Filter>
    </ClCompile>
    <ClCompile Include="core\gui\backupwizard\finishpage.cpp">
      <Filter>core\gui\backupwizard</Filter>
    </ClCompile>
    <ClCompile Include="core\gui\backupwizard\intropage.cpp">
      <Filter>core\gui\backupwizard</Filter>
    </ClCompile>
    <ClCompile Include="core\gui\Controls\CheckableMenu.cpp">
      <Filter>core\gui\Controls</Filter>
    </ClCompile>
    <ClCompile Include="core\gui\Controls\EditableHeaderView.cpp">
      <Filter>core\gui\Controls</Filter>
    </ClCompile>
    <ClCompile Include="core\gui\Controls\HtmlView.cpp">
      <Filter>core\gui\Controls</Filter>
    </ClCompile>
    <ClCompile Include="core\gui\Controls\messagebox.cpp">
      <Filter>core\gui\Controls</Filter>
    </ClCompile>
    <ClCompile Include="core\gui\Controls\MRichTextEdit\mrichtextedit.cpp">
      <Filter>core\gui\Controls\MRichTextEdit</Filter>
    </ClCompile>
    <ClCompile Include="core\gui\Controls\MRichTextEdit\mtextedit.cpp">
      <Filter>core\gui\Controls\MRichTextEdit</Filter>
    </ClCompile>
    <ClCompile Include="core\gui\Controls\QBaloon.cpp">
      <Filter>core\gui\Controls</Filter>
    </ClCompile>
    <ClCompile Include="core\gui\Controls\qkeyedit.cpp">
      <Filter>core\gui\Controls</Filter>
    </ClCompile>
    <ClCompile Include="core\gui\Controls\RaitingWidget.cpp">
      <Filter>core\gui\Controls</Filter>
    </ClCompile>
    <ClCompile Include="core\gui\Controls\searchlineedit.cpp">
      <Filter>core\gui\Controls</Filter>
    </ClCompile>
    <ClCompile Include="core\gui\Controls\SortButton.cpp">
      <Filter>core\gui\Controls</Filter>
    </ClCompile>
    <ClCompile Include="core\gui\Controls\StyledProgressBar.cpp">
      <Filter>core\gui\Controls</Filter>
    </ClCompile>
    <ClCompile Include="core\gui\Controls\TreeBox.cpp">
      <Filter>core\gui\Controls</Filter>
    </ClCompile>
    <ClCompile Include="core\gui\Dialogs\CuteTorrentMainWindow.cpp">
      <Filter>core\gui\Dialogs</Filter>
    </ClCompile>
    <ClCompile Include="core\gui\Dialogs\InitializationDialog.cpp">
      <Filter>core\gui\Dialogs</Filter>
    </ClCompile>
    <ClCompile Include="core\gui\Dialogs\MultipleDTDialog.cpp">
      <Filter>core\gui\Dialogs</Filter>
    </ClCompile>
    <ClCompile Include="core\gui\Dialogs\RaitingDialog.cpp">
      <Filter>core\gui\Dialogs</Filter>
    </ClCompile>
    <ClCompile Include="core\gui\Dialogs\SettingsDialog.cpp">
      <Filter>core\gui\Dialogs</Filter>
    </ClCompile>
    <ClCompile Include="core\gui\Dialogs\SpeedLimitDialog.cpp">
      <Filter>core\gui\Dialogs</Filter>
    </ClCompile>
    <ClCompile Include="core\gui\Dialogs\VideoFileChooseDialog.cpp">
      <Filter>core\gui\Dialogs</Filter>
    </ClCompile>
    <ClCompile Include="core\gui\ImportWizard\ChoseDataPage.cpp">
      <Filter>core\gui\ImportWizard</Filter>
    </ClCompile>
    <ClCompile Include="core\gui\ImportWizard\Importers\ImportersManager.cpp">
      <Filter>core\gui\ImportWizard\Importers</Filter>
    </ClCompile>
    <ClCompile Include="core\gui\ImportWizard\Importers\UTorrentImporter.cpp">
      <Filter>core\gui\ImportWizard\Importers</Filter>
    </ClCompile>
    <ClCompile Include="core\gui\ImportWizard\ImportFinishPage.cpp">
      <Filter>core\gui\ImportWizard</Filter>
    </ClCompile>
    <ClCompile Include="core\gui\ImportWizard\ImportIntroPage.cpp">
      <Filter>core\gui\ImportWizard</Filter>
    </ClCompile>
    <ClCompile Include="core\gui\ImportWizard\ImportPage.cpp">
      <Filter>core\gui\ImportWizard</Filter>
    </ClCompile>
    <ClCompile Include="core\gui\ImportWizard\ImportWizard.cpp">
      <Filter>core\gui\ImportWizard</Filter>
    </ClCompile>
    <ClCompile Include="core\gui\Utils\SettingsPropertyMapper.cpp">
      <Filter>core\gui\Utils</Filter>
    </ClCompile>
    <ClCompile Include="core\gui\Utils\UIPropertyGetters.cpp">
      <Filter>core\gui\Utils</Filter>
    </ClCompile>
    <ClCompile Include="core\gui\Utils\UIPropertySetters.cpp">
      <Filter>core\gui\Utils</Filter>
    </ClCompile>
    <ClCompile Include="core\gui\Utils\ValueGetters.cpp">
      <Filter>core\gui\Utils</Filter>
    </ClCompile>
    <ClCompile Include="core\gui\Utils\ValueSetters.cpp">
      <Filter>core\gui\Utils</Filter>
    </ClCompile>
    <ClCompile Include="core\helpers\DT_mounter.cpp">
      <Filter>core\helpers</Filter>
    </ClCompile>
    <ClCompile Include="core\helpers\StaticHelpers.cpp">
      <Filter>core\helpers</Filter>
    </ClCompile>
    <ClCompile Include="core\helpers\VirtualDiskMounter.cpp">
      <Filter>core\helpers</Filter>
    </ClCompile>
    <ClCompile Include="core\http\httpconnectionhandler.cpp">
      <Filter>core\http</Filter>
    </ClCompile>
    <ClCompile Include="core\http\httpconnectionhandlerpool.cpp">
      <Filter>core\http</Filter>
    </ClCompile>
    <ClCompile Include="core\http\httpcookie.cpp">
      <Filter>core\http</Filter>
    </ClCompile>
    <ClCompile Include="core\http\httplistener.cpp">
      <Filter>core\http</Filter>
    </ClCompile>
    <ClCompile Include="core\http\httprequest.cpp">
      <Filter>core\http</Filter>
    </ClCompile>
    <ClCompile Include="core\http\httprequesthandler.cpp">
      <Filter>core\http</Filter>
    </ClCompile>
    <ClCompile Include="core\http\httpresponse.cpp">
      <Filter>core\http</Filter>
    </ClCompile>
    <ClCompile Include="core\http\httpsession.cpp">
      <Filter>core\http</Filter>
    </ClCompile>
    <ClCompile Include="core\http\httpsessionstore.cpp">
      <Filter>core\http</Filter>
    </ClCompile>
    <ClCompile Include="core\http\staticfilecontroller.cpp">
      <Filter>core\http</Filter>
    </ClCompile>
    <ClCompile Include="core\InitializationWorker.cpp">
      <Filter>core</Filter>
    </ClCompile>
    <ClCompile Include="core\IpToCountryResolver.cpp">
      <Filter>core</Filter>
    </ClCompile>
    <ClCompile Include="core\NetworkDiskCache.cpp">
      <Filter>core</Filter>
    </ClCompile>
    <ClCompile Include="core\NotificationSystem.cpp">
      <Filter>core</Filter>
    </ClCompile>
    <ClCompile Include="core\PowerManagement.cpp">
      <Filter>core</Filter>
    </ClCompile>
    <ClCompile Include="core\QApplicationSettings.cpp">
      <Filter>core</Filter>
    </ClCompile>
    <ClCompile Include="core\qtsingleapplication\src\qtlocalpeer.cpp">
      <Filter>core\qtsingleapplication\src</Filter>
    </ClCompile>
    <ClCompile Include="core\qtsingleapplication\src\qtlockedfile.cpp">
      <Filter>core\qtsingleapplication\src</Filter>
    </ClCompile>
    <ClCompile Include="core\qtsingleapplication\src\qtlockedfile_unix.cpp">
      <Filter>core\qtsingleapplication\src</Filter>
    </ClCompile>
    <ClCompile Include="core\qtsingleapplication\src\qtlockedfile_win.cpp">
      <Filter>core\qtsingleapplication\src</Filter>
    </ClCompile>
    <ClCompile Include="core\qtsingleapplication\src\qtsingleapplication.cpp">
      <Filter>core\qtsingleapplication\src</Filter>
    </ClCompile>
    <ClCompile Include="core\qtsingleapplication\src\qtsinglecoreapplication.cpp">
      <Filter>core\qtsingleapplication\src</Filter>
    </ClCompile>
    <ClCompile Include="core\smtp\emailaddress.cpp">
      <Filter>core\smtp</Filter>
    </ClCompile>
    <ClCompile Include="core\smtp\mimeattachment.cpp">
      <Filter>core\smtp</Filter>
    </ClCompile>
    <ClCompile Include="core\smtp\mimebase64encoder.cpp">
      <Filter>core\smtp</Filter>
    </ClCompile>
    <ClCompile Include="core\smtp\mimebase64formatter.cpp">
      <Filter>core\smtp</Filter>
    </ClCompile>
    <ClCompile Include="core\smtp\mimebytearrayattachment.cpp">
      <Filter>core\smtp</Filter>
    </ClCompile>
    <ClCompile Include="core\smtp\mimecontentencoder.cpp">
      <Filter>core\smtp</Filter>
    </ClCompile>
    <ClCompile Include="core\smtp\mimecontentformatter.cpp">
      <Filter>core\smtp</Filter>
    </ClCompile>
    <ClCompile Include="core\smtp\mimefile.cpp">
      <Filter>core\smtp</Filter>
    </ClCompile>
    <ClCompile Include="core\smtp\mimehtml.cpp">
      <Filter>core\smtp</Filter>
    </ClCompile>
    <ClCompile Include="core\smtp\mimeinlinefile.cpp">
      <Filter>core\smtp</Filter>
    </ClCompile>
    <ClCompile Include="core\smtp\mimemessage.cpp">
      <Filter>core\smtp</Filter>
    </ClCompile>
    <ClCompile Include="core\smtp\mimemultipart.cpp">
      <Filter>core\smtp</Filter>
    </ClCompile>
    <ClCompile Include="core\smtp\mimepart.cpp">
      <Filter>core\smtp</Filter>
    </ClCompile>
    <ClCompile Include="core\smtp\mimeqpencoder.cpp">
      <Filter>core\smtp</Filter>
    </ClCompile>
    <ClCompile Include="core\smtp\mimeqpformatter.cpp">
      <Filter>core\smtp</Filter>
    </ClCompile>
    <ClCompile Include="core\smtp\mimetext.cpp">
      <Filter>core\smtp</Filter>
    </ClCompile>
    <ClCompile Include="core\smtp\quotedprintable.cpp">
      <Filter>core\smtp</Filter>
    </ClCompile>
    <ClCompile Include="core\smtp\smtpclient.cpp">
      <Filter>core\smtp</Filter>
    </ClCompile>
    <ClCompile Include="core\StyleEngene.cpp">
      <Filter>core</Filter>
    </ClCompile>
    <ClCompile Include="core\SympleCrypt.cpp">
      <Filter>core</Filter>
    </ClCompile>
    <ClCompile Include="core\TorrentGroup.cpp">
      <Filter>core</Filter>
    </ClCompile>
    <ClCompile Include="core\TorrentGroupsManager.cpp">
      <Filter>core</Filter>
    </ClCompile>
    <ClCompile Include="core\TreeItem.cpp">
      <Filter>core</Filter>
    </ClCompile>
    <ClCompile Include="core\UpdateNotyfier.cpp">
      <Filter>core</Filter>
    </ClCompile>
    <ClCompile Include="core\Version.cpp">
      <Filter>core</Filter>
    </ClCompile>
    <ClCompile Include="core\viewModel\FileTreeModel.cpp">
      <Filter>core\viewModel</Filter>
    </ClCompile>
    <ClCompile Include="core\viewModel\FileTreeSortProxyModel.cpp">
      <Filter>core\viewModel</Filter>
    </ClCompile>
    <ClCompile Include="core\viewModel\FileViewModel.cpp">
      <Filter>core\viewModel</Filter>
    </ClCompile>
    <ClCompile Include="core\viewModel\FileViewSortProxyModel.cpp">
      <Filter>core\viewModel</Filter>
    </ClCompile>
    <ClCompile Include="core\viewModel\FiltersViewModel.cpp">
      <Filter>core\viewModel</Filter>
    </ClCompile>
    <ClCompile Include="core\viewModel\itemDelegate\FileSizeItemDelegate.cpp">
      <Filter>core\viewModel\itemDelegate</Filter>
    </ClCompile>
    <ClCompile Include="core\viewModel\itemDelegate\IpItemDelegate.cpp">
      <Filter>core\viewModel\itemDelegate</Filter>
    </ClCompile>
    <ClCompile Include="core\viewModel\itemDelegate\PriorityItemDelegate.cpp">
      <Filter>core\viewModel\itemDelegate</Filter>
    </ClCompile>
    <ClCompile Include="core\viewModel\itemDelegate\ProgressItemDelegate.cpp">
      <Filter>core\viewModel\itemDelegate</Filter>
    </ClCompile>
    <ClCompile Include="core\viewModel\itemDelegate\SpeedItemDelegate.cpp">
      <Filter>core\viewModel\itemDelegate</Filter>
    </ClCompile>
    <ClCompile Include="core\viewModel\itemDelegate\TimeItemDelegate.cpp">
      <Filter>core\viewModel\itemDelegate</Filter>
    </ClCompile>
    <ClCompile Include="core\zip\JlCompress.cpp">
      <Filter>core\zip</Filter>
    </ClCompile>
    <ClCompile Include="core\zip\qioapi.cpp">
      <Filter>core\zip</Filter>
    </ClCompile>
    <ClCompile Include="core\zip\quaadler32.cpp">
      <Filter>core\zip</Filter>
    </ClCompile>
    <ClCompile Include="core\zip\quacrc32.cpp">
      <Filter>core\zip</Filter>
    </ClCompile>
    <ClCompile Include="core\zip\quagzipfile.cpp">
      <Filter>core\zip</Filter>
    </ClCompile>
    <ClCompile Include="core\zip\quaziodevice.cpp">
      <Filter>core\zip</Filter>
    </ClCompile>
    <ClCompile Include="core\zip\quazip.cpp">
      <Filter>core\zip</Filter>
    </ClCompile>
    <ClCompile Include="core\zip\quazipdir.cpp">
      <Filter>core\zip</Filter>
    </ClCompile>
    <ClCompile Include="core\zip\quazipfile.cpp">
      <Filter>core\zip</Filter>
    </ClCompile>
    <ClCompile Include="core\zip\quazipfileinfo.cpp">
      <Filter>core\zip</Filter>
    </ClCompile>
    <ClCompile Include="core\zip\quazipnewinfo.cpp">
      <Filter>core\zip</Filter>
    </ClCompile>
    <ClCompile Include="core\zip\unzip.c">
      <Filter>core\zip</Filter>
    </ClCompile>
    <ClCompile Include="core\zip\zip.c">
      <Filter>core\zip</Filter>
    </ClCompile>
    <ClCompile Include="GeneratedFiles\qrc_ltorrent.cpp">
      <Filter>GeneratedFiles</Filter>
    </ClCompile>
    <ClCompile Include="rss\core\RssFeed.cpp">
      <Filter>rss\core</Filter>
    </ClCompile>
    <ClCompile Include="rss\core\RssItem.cpp">
      <Filter>rss\core</Filter>
    </ClCompile>
    <ClCompile Include="rss\core\RssManager.cpp">
      <Filter>rss\core</Filter>
    </ClCompile>
    <ClCompile Include="rss\core\RssParser.cpp">
      <Filter>rss\core</Filter>
    </ClCompile>
    <ClCompile Include="rss\datamodels\RssBaseTreeItem.cpp">
      <Filter>rss\datamodels</Filter>
    </ClCompile>
    <ClCompile Include="rss\datamodels\RssDownloadRule.cpp">
      <Filter>rss\datamodels</Filter>
    </ClCompile>
    <ClCompile Include="rss\datamodels\RssFeedItemTreeItem.cpp">
      <Filter>rss\datamodels</Filter>
    </ClCompile>
    <ClCompile Include="rss\datamodels\RssFeedTreeItem.cpp">
      <Filter>rss\datamodels</Filter>
    </ClCompile>
    <ClCompile Include="rss\gui\Dialogs\AddRssDwonloadRuleDialog.cpp">
      <Filter>rss\gui\Dialogs</Filter>
    </ClCompile>
    <ClCompile Include="rss\gui\Dialogs\RssFeedSettingsDialog.cpp">
      <Filter>rss\gui\Dialogs</Filter>
    </ClCompile>
    <ClCompile Include="rss\viewmodels\ItemDelegate\QRssItemDelegate.cpp">
      <Filter>rss\viewmodels\ItemDelegate</Filter>
    </ClCompile>
    <ClCompile Include="rss\viewmodels\QRssDisplayModel.cpp">
      <Filter>rss\viewmodels</Filter>
    </ClCompile>
    <ClCompile Include="rss\viewmodels\QRssFilterModel.cpp">
      <Filter>rss\viewmodels</Filter>
    </ClCompile>
    <ClCompile Include="scheduller\SchedulerTask.cpp">
      <Filter>scheduller</Filter>
    </ClCompile>
    <ClCompile Include="scheduller\Scheduller.cpp">
      <Filter>scheduller</Filter>
    </ClCompile>
    <ClCompile Include="search\core\SearchEngine.cpp">
      <Filter>search\core</Filter>
    </ClCompile>
    <ClCompile Include="search\core\SearchItemsStorrage.cpp">
      <Filter>search\core</Filter>
    </ClCompile>
    <ClCompile Include="search\dataModels\searchitem.cpp">
      <Filter>search\dataModels</Filter>
    </ClCompile>
    <ClCompile Include="search\searchproviders\CustomScriptSearchProvider.cpp">
      <Filter>search\searchproviders</Filter>
    </ClCompile>
    <ClCompile Include="search\viewmodels\ItemDelegate\QSearchItemDelegate.cpp">
      <Filter>search\viewmodels\ItemDelegate</Filter>
    </ClCompile>
    <ClCompile Include="search\viewmodels\QSearchDisplayModel.cpp">
      <Filter>search\viewmodels</Filter>
    </ClCompile>
    <ClCompile Include="search\viewmodels\QSearchFilterModel.cpp">
      <Filter>search\viewmodels</Filter>
    </ClCompile>
    <ClCompile Include="torrent\core\FileSystemTorrentWatcher.cpp">
      <Filter>torrent\core</Filter>
    </ClCompile>
    <ClCompile Include="torrent\core\MetaDataDownloadWaiter.cpp">
      <Filter>torrent\core</Filter>
    </ClCompile>
    <ClCompile Include="torrent\core\Torrent.cpp">
      <Filter>torrent\core</Filter>
    </ClCompile>
    <ClCompile Include="torrent\core\TorrentManager.cpp">
      <Filter>torrent\core</Filter>
    </ClCompile>
    <ClCompile Include="torrent\core\TorrentStorrage.cpp">
      <Filter>torrent\core</Filter>
    </ClCompile>
    <ClCompile Include="torrent\gui\Controls\peicedisplaywidget.cpp">
      <Filter>torrent\gui\Controls</Filter>
    </ClCompile>
    <ClCompile Include="torrent\gui\Controls\PieceAvailabilityWidget.cpp">
      <Filter>torrent\gui\Controls</Filter>
    </ClCompile>
    <ClCompile Include="torrent\gui\Dialogs\CreateTorrentDialog.cpp">
      <Filter>torrent\gui\Dialogs</Filter>
    </ClCompile>
    <ClCompile Include="torrent\gui\Dialogs\OpenTorrentDialog.cpp">
      <Filter>torrent\gui\Dialogs</Filter>
    </ClCompile>
    <ClCompile Include="torrent\viewmodels\ItemDelegate\QTorrentItemDelegat.cpp">
      <Filter>torrent\viewmodels\ItemDelegate</Filter>
    </ClCompile>
    <ClCompile Include="torrent\viewmodels\PeerSortModel.cpp">
      <Filter>torrent\viewmodels</Filter>
    </ClCompile>
    <ClCompile Include="torrent\viewmodels\PeerTableModel.cpp">
      <Filter>torrent\viewmodels</Filter>
    </ClCompile>
    <ClCompile Include="torrent\viewmodels\QTorrentDisplayModel.cpp">
      <Filter>torrent\viewmodels</Filter>
    </ClCompile>
    <ClCompile Include="torrent\viewmodels\QTorrentFilterProxyModel.cpp">
      <Filter>torrent\viewmodels</Filter>
    </ClCompile>
    <ClCompile Include="tracker\AnnounceRequest.cpp">
      <Filter>tracker</Filter>
    </ClCompile>
    <ClCompile Include="tracker\torrentracker.cpp">
      <Filter>tracker</Filter>
    </ClCompile>
    <ClCompile Include="tracker\trackerrequestmapper.cpp">
      <Filter>tracker</Filter>
    </ClCompile>
    <ClCompile Include="webControll\FileSystemController.cpp">
      <Filter>webControll</Filter>
    </ClCompile>
    <ClCompile Include="webControll\MagnetApiController.cpp">
      <Filter>webControll</Filter>
    </ClCompile>
    <ClCompile Include="webControll\RconWebService.cpp">
      <Filter>webControll</Filter>
    </ClCompile>
    <ClCompile Include="webControll\RequestMapper.cpp">
      <Filter>webControll</Filter>
    </ClCompile>
    <ClCompile Include="webControll\RssCommandsApiController.cpp">
      <Filter>webControll</Filter>
    </ClCompile>
    <ClCompile Include="webControll\RssController.cpp">
      <Filter>webControll</Filter>
    </ClCompile>
    <ClCompile Include="webControll\SettingsAPiController.cpp">
      <Filter>webControll</Filter>
    </ClCompile>
    <ClCompile Include="webControll\TorrentApiController.cpp">
      <Filter>webControll</Filter>
    </ClCompile>
    <ClCompile Include="webControll\TorrentCommandsApiController.cpp">
      <Filter>webControll</Filter>
    </ClCompile>
    <ClCompile Include="webControll\UploadController.cpp">
      <Filter>webControll</Filter>
    </ClCompile>
    <ClCompile Include="main.cpp" />
    <ClCompile Include="GeneratedFiles\Release\moc_AddRssDwonloadRuleDialog.cpp">
      <Filter>GeneratedFiles\Release</Filter>
    </ClCompile>
    <ClCompile Include="GeneratedFiles\Release\moc_application.cpp">
      <Filter>GeneratedFiles\Release</Filter>
    </ClCompile>
    <ClCompile Include="GeneratedFiles\Release\moc_applybackuppage.cpp">
      <Filter>GeneratedFiles\Release</Filter>
    </ClCompile>
    <ClCompile Include="GeneratedFiles\Release\moc_backupwizard.cpp">
      <Filter>GeneratedFiles\Release</Filter>
    </ClCompile>
    <ClCompile Include="GeneratedFiles\Release\moc_BaseImporter.cpp">
      <Filter>GeneratedFiles\Release</Filter>
    </ClCompile>
    <ClCompile Include="GeneratedFiles\Release\moc_CheckableMenu.cpp">
      <Filter>GeneratedFiles\Release</Filter>
    </ClCompile>
    <ClCompile Include="GeneratedFiles\Release\moc_ChoseDataPage.cpp">
      <Filter>GeneratedFiles\Release</Filter>
    </ClCompile>
    <ClCompile Include="GeneratedFiles\Release\moc_createbackuppage.cpp">
      <Filter>GeneratedFiles\Release</Filter>
    </ClCompile>
    <ClCompile Include="GeneratedFiles\Release\moc_CreateTorrentDialog.cpp">
      <Filter>GeneratedFiles\Release</Filter>
    </ClCompile>
    <ClCompile Include="GeneratedFiles\Release\moc_CustomScriptSearchProvider.cpp">
      <Filter>GeneratedFiles\Release</Filter>
    </ClCompile>
    <ClCompile Include="GeneratedFiles\Release\moc_CuteTorrentMainWindow.cpp">
      <Filter>GeneratedFiles\Release</Filter>
    </ClCompile>
    <ClCompile Include="GeneratedFiles\Release\moc_EditableHeaderView.cpp">
      <Filter>GeneratedFiles\Release</Filter>
    </ClCompile>
    <ClCompile Include="GeneratedFiles\Release\moc_EmailValidator.cpp">
      <Filter>GeneratedFiles\Release</Filter>
    </ClCompile>
    <ClCompile Include="GeneratedFiles\Release\moc_FaviconDownloader.cpp">
      <Filter>GeneratedFiles\Release</Filter>
    </ClCompile>
    <ClCompile Include="GeneratedFiles\Release\moc_filedownloader.cpp">
      <Filter>GeneratedFiles\Release</Filter>
    </ClCompile>
    <ClCompile Include="GeneratedFiles\Release\moc_FileSystemTorrentWatcher.cpp">
      <Filter>GeneratedFiles\Release</Filter>
    </ClCompile>
    <ClCompile Include="GeneratedFiles\Release\moc_FileTreeModel.cpp">
      <Filter>GeneratedFiles\Release</Filter>
    </ClCompile>
    <ClCompile Include="GeneratedFiles\Release\moc_FileViewModel.cpp">
      <Filter>GeneratedFiles\Release</Filter>
    </ClCompile>
    <ClCompile Include="GeneratedFiles\Release\moc_FiltersViewModel.cpp">
      <Filter>GeneratedFiles\Release</Filter>
    </ClCompile>
    <ClCompile Include="GeneratedFiles\Release\moc_finishpage.cpp">
      <Filter>GeneratedFiles\Release</Filter>
    </ClCompile>
    <ClCompile Include="GeneratedFiles\Release\moc_HtmlView.cpp">
      <Filter>GeneratedFiles\Release</Filter>
    </ClCompile>
    <ClCompile Include="GeneratedFiles\Release\moc_httpconnectionhandler.cpp">
      <Filter>GeneratedFiles\Release</Filter>
    </ClCompile>
    <ClCompile Include="GeneratedFiles\Release\moc_httpconnectionhandlerpool.cpp">
      <Filter>GeneratedFiles\Release</Filter>
    </ClCompile>
    <ClCompile Include="GeneratedFiles\Release\moc_httplistener.cpp">
      <Filter>GeneratedFiles\Release</Filter>
    </ClCompile>
    <ClCompile Include="GeneratedFiles\Release\moc_httprequesthandler.cpp">
      <Filter>GeneratedFiles\Release</Filter>
    </ClCompile>
    <ClCompile Include="GeneratedFiles\Release\moc_httpsessionstore.cpp">
      <Filter>GeneratedFiles\Release</Filter>
    </ClCompile>
    <ClCompile Include="GeneratedFiles\Release\moc_ImportFinishPage.cpp">
      <Filter>GeneratedFiles\Release</Filter>
    </ClCompile>
    <ClCompile Include="GeneratedFiles\Release\moc_ImportIntroPage.cpp">
      <Filter>GeneratedFiles\Release</Filter>
    </ClCompile>
    <ClCompile Include="GeneratedFiles\Release\moc_ImportPage.cpp">
      <Filter>GeneratedFiles\Release</Filter>
    </ClCompile>
    <ClCompile Include="GeneratedFiles\Release\moc_ImportWizard.cpp">
      <Filter>GeneratedFiles\Release</Filter>
    </ClCompile>
    <ClCompile Include="GeneratedFiles\Release\moc_InitializationDialog.cpp">
      <Filter>GeneratedFiles\Release</Filter>
    </ClCompile>
    <ClCompile Include="GeneratedFiles\Release\moc_InitializationWorker.cpp">
      <Filter>GeneratedFiles\Release</Filter>
    </ClCompile>
    <ClCompile Include="GeneratedFiles\Release\moc_intropage.cpp">
      <Filter>GeneratedFiles\Release</Filter>
    </ClCompile>
    <ClCompile Include="GeneratedFiles\Release\moc_IpToCountryResolver.cpp">
      <Filter>GeneratedFiles\Release</Filter>
    </ClCompile>
    <ClCompile Include="GeneratedFiles\Release\moc_ISerachProvider.cpp">
      <Filter>GeneratedFiles\Release</Filter>
    </ClCompile>
    <ClCompile Include="GeneratedFiles\Release\moc_MagnetApiController.cpp">
      <Filter>GeneratedFiles\Release</Filter>
    </ClCompile>
    <ClCompile Include="GeneratedFiles\Release\moc_messagebox.cpp">
      <Filter>GeneratedFiles\Release</Filter>
    </ClCompile>
    <ClCompile Include="GeneratedFiles\Release\moc_MetaDataDownloadWaiter.cpp">
      <Filter>GeneratedFiles\Release</Filter>
    </ClCompile>
    <ClCompile Include="GeneratedFiles\Release\moc_mrichtextedit.cpp">
      <Filter>GeneratedFiles\Release</Filter>
    </ClCompile>
    <ClCompile Include="GeneratedFiles\Release\moc_mtextedit.cpp">
      <Filter>GeneratedFiles\Release</Filter>
    </ClCompile>
    <ClCompile Include="GeneratedFiles\Release\moc_MultipleDTDialog.cpp">
      <Filter>GeneratedFiles\Release</Filter>
    </ClCompile>
    <ClCompile Include="GeneratedFiles\Release\moc_NetworkDiskCache.cpp">
      <Filter>GeneratedFiles\Release</Filter>
    </ClCompile>
    <ClCompile Include="GeneratedFiles\Release\moc_NotificationSystem.cpp">
      <Filter>GeneratedFiles\Release</Filter>
    </ClCompile>
    <ClCompile Include="GeneratedFiles\Release\moc_ObservebaleCollectionBase.cpp">
      <Filter>GeneratedFiles\Release</Filter>
    </ClCompile>
    <ClCompile Include="GeneratedFiles\Release\moc_OpenTorrentDialog.cpp">
      <Filter>GeneratedFiles\Release</Filter>
    </ClCompile>
    <ClCompile Include="GeneratedFiles\Release\moc_PeerTableModel.cpp">
      <Filter>GeneratedFiles\Release</Filter>
    </ClCompile>
    <ClCompile Include="GeneratedFiles\Release\moc_peicedisplaywidget.cpp">
      <Filter>GeneratedFiles\Release</Filter>
    </ClCompile>
    <ClCompile Include="GeneratedFiles\Release\moc_PieceAvailabilityWidget.cpp">
      <Filter>GeneratedFiles\Release</Filter>
    </ClCompile>
    <ClCompile Include="GeneratedFiles\Release\moc_PowerManagement.cpp">
      <Filter>GeneratedFiles\Release</Filter>
    </ClCompile>
    <ClCompile Include="GeneratedFiles\Release\moc_PriorityItemDelegate.cpp">
      <Filter>GeneratedFiles\Release</Filter>
    </ClCompile>
    <ClCompile Include="GeneratedFiles\Release\moc_QApplicationSettings.cpp">
      <Filter>GeneratedFiles\Release</Filter>
    </ClCompile>
    <ClCompile Include="GeneratedFiles\Release\moc_qkeyedit.cpp">
      <Filter>GeneratedFiles\Release</Filter>
    </ClCompile>
    <ClCompile Include="GeneratedFiles\Release\moc_QRssDisplayModel.cpp">
      <Filter>GeneratedFiles\Release</Filter>
    </ClCompile>
    <ClCompile Include="GeneratedFiles\Release\moc_QRssItemDelegate.cpp">
      <Filter>GeneratedFiles\Release</Filter>
    </ClCompile>
    <ClCompile Include="GeneratedFiles\Release\moc_QSearchDisplayModel.cpp">
      <Filter>GeneratedFiles\Release</Filter>
    </ClCompile>
    <ClCompile Include="GeneratedFiles\Release\moc_QSearchItemDelegate.cpp">
      <Filter>GeneratedFiles\Release</Filter>
    </ClCompile>
    <ClCompile Include="GeneratedFiles\Release\moc_QSgml.cpp">
      <Filter>GeneratedFiles\Release</Filter>
    </ClCompile>
    <ClCompile Include="GeneratedFiles\Release\moc_QSgmlTag.cpp">
      <Filter>GeneratedFiles\Release</Filter>
    </ClCompile>
    <ClCompile Include="GeneratedFiles\Release\moc_qtlocalpeer.cpp">
      <Filter>GeneratedFiles\Release</Filter>
    </ClCompile>
    <ClCompile Include="GeneratedFiles\Release\moc_QTorrentDisplayModel.cpp">
      <Filter>GeneratedFiles\Release</Filter>
    </ClCompile>
    <ClCompile Include="GeneratedFiles\Release\moc_QTorrentFilterProxyModel.cpp">
      <Filter>GeneratedFiles\Release</Filter>
    </ClCompile>
    <ClCompile Include="GeneratedFiles\Release\moc_QTorrentItemDelegat.cpp">
      <Filter>GeneratedFiles\Release</Filter>
    </ClCompile>
    <ClCompile Include="GeneratedFiles\Release\moc_qtsingleapplication.cpp">
      <Filter>GeneratedFiles\Release</Filter>
    </ClCompile>
    <ClCompile Include="GeneratedFiles\Release\moc_qtsinglecoreapplication.cpp">
      <Filter>GeneratedFiles\Release</Filter>
    </ClCompile>
    <ClCompile Include="GeneratedFiles\Release\moc_quagzipfile.cpp">
      <Filter>GeneratedFiles\Release</Filter>
    </ClCompile>
    <ClCompile Include="GeneratedFiles\Release\moc_quaziodevice.cpp">
      <Filter>GeneratedFiles\Release</Filter>
    </ClCompile>
    <ClCompile Include="GeneratedFiles\Release\moc_quazipfile.cpp">
      <Filter>GeneratedFiles\Release</Filter>
    </ClCompile>
    <ClCompile Include="GeneratedFiles\Release\moc_RaitingDialog.cpp">
      <Filter>GeneratedFiles\Release</Filter>
    </ClCompile>
    <ClCompile Include="GeneratedFiles\Release\moc_RaitingWidget.cpp">
      <Filter>GeneratedFiles\Release</Filter>
    </ClCompile>
    <ClCompile Include="GeneratedFiles\Release\moc_RconWebService.cpp">
      <Filter>GeneratedFiles\Release</Filter>
    </ClCompile>
    <ClCompile Include="GeneratedFiles\Release\moc_RequestMapper.cpp">
      <Filter>GeneratedFiles\Release</Filter>
    </ClCompile>
    <ClCompile Include="GeneratedFiles\Release\moc_RssFeed.cpp">
      <Filter>GeneratedFiles\Release</Filter>
    </ClCompile>
    <ClCompile Include="GeneratedFiles\Release\moc_RssFeedSettingsDialog.cpp">
      <Filter>GeneratedFiles\Release</Filter>
    </ClCompile>
    <ClCompile Include="GeneratedFiles\Release\moc_RssItem.cpp">
      <Filter>GeneratedFiles\Release</Filter>
    </ClCompile>
    <ClCompile Include="GeneratedFiles\Release\moc_RssManager.cpp">
      <Filter>GeneratedFiles\Release</Filter>
    </ClCompile>
    <ClCompile Include="GeneratedFiles\Release\moc_Scheduller.cpp">
      <Filter>GeneratedFiles\Release</Filter>
    </ClCompile>
    <ClCompile Include="GeneratedFiles\Release\moc_SearchEngine.cpp">
      <Filter>GeneratedFiles\Release</Filter>
    </ClCompile>
    <ClCompile Include="GeneratedFiles\Release\moc_SearchItemsStorrage.cpp">
      <Filter>GeneratedFiles\Release</Filter>
    </ClCompile>
    <ClCompile Include="GeneratedFiles\Release\moc_searchlineedit.cpp">
      <Filter>GeneratedFiles\Release</Filter>
    </ClCompile>
    <ClCompile Include="GeneratedFiles\Release\moc_SearchResult.cpp">
      <Filter>GeneratedFiles\Release</Filter>
    </ClCompile>
    <ClCompile Include="GeneratedFiles\Release\moc_SettingsAPiController.cpp">
      <Filter>GeneratedFiles\Release</Filter>
    </ClCompile>
    <ClCompile Include="GeneratedFiles\Release\moc_SettingsDialog.cpp">
      <Filter>GeneratedFiles\Release</Filter>
    </ClCompile>
    <ClCompile Include="GeneratedFiles\Release\moc_SettingsPropertyMapper.cpp">
      <Filter>GeneratedFiles\Release</Filter>
    </ClCompile>
    <ClCompile Include="GeneratedFiles\Release\moc_smtpclient.cpp">
      <Filter>GeneratedFiles\Release</Filter>
    </ClCompile>
    <ClCompile Include="GeneratedFiles\Release\moc_SortButton.cpp">
      <Filter>GeneratedFiles\Release</Filter>
    </ClCompile>
    <ClCompile Include="GeneratedFiles\Release\moc_SpeedLimitDialog.cpp">
      <Filter>GeneratedFiles\Release</Filter>
    </ClCompile>
    <ClCompile Include="GeneratedFiles\Release\moc_staticfilecontroller.cpp">
      <Filter>GeneratedFiles\Release</Filter>
    </ClCompile>
    <ClCompile Include="GeneratedFiles\Release\moc_StyleEngene.cpp">
      <Filter>GeneratedFiles\Release</Filter>
    </ClCompile>
    <ClCompile Include="GeneratedFiles\Release\moc_Torrent.cpp">
      <Filter>GeneratedFiles\Release</Filter>
    </ClCompile>
    <ClCompile Include="GeneratedFiles\Release\moc_TorrentApiController.cpp">
      <Filter>GeneratedFiles\Release</Filter>
    </ClCompile>
    <ClCompile Include="GeneratedFiles\Release\moc_TorrentCommandsApiController.cpp">
      <Filter>GeneratedFiles\Release</Filter>
    </ClCompile>
    <ClCompile Include="GeneratedFiles\Release\moc_TorrentGroupsManager.cpp">
      <Filter>GeneratedFiles\Release</Filter>
    </ClCompile>
    <ClCompile Include="GeneratedFiles\Release\moc_TorrentManager.cpp">
      <Filter>GeneratedFiles\Release</Filter>
    </ClCompile>
    <ClCompile Include="GeneratedFiles\Release\moc_torrentracker.cpp">
      <Filter>GeneratedFiles\Release</Filter>
    </ClCompile>
    <ClCompile Include="GeneratedFiles\Release\moc_trackerrequestmapper.cpp">
      <Filter>GeneratedFiles\Release</Filter>
    </ClCompile>
    <ClCompile Include="GeneratedFiles\Release\moc_TreeBox.cpp">
      <Filter>GeneratedFiles\Release</Filter>
    </ClCompile>
    <ClCompile Include="GeneratedFiles\Release\moc_UpdateNotyfier.cpp">
      <Filter>GeneratedFiles\Release</Filter>
    </ClCompile>
    <ClCompile Include="GeneratedFiles\Release\moc_UploadController.cpp">
      <Filter>GeneratedFiles\Release</Filter>
    </ClCompile>
    <ClCompile Include="GeneratedFiles\Release\moc_UTorrentImporter.cpp">
      <Filter>GeneratedFiles\Release</Filter>
    </ClCompile>
    <ClCompile Include="GeneratedFiles\Release\moc_VideoFileChooseDialog.cpp">
      <Filter>GeneratedFiles\Release</Filter>
    </ClCompile>
    <ClCompile Include="GeneratedFiles\Debug\moc_FileIconProvider.cpp">
      <Filter>Generated Files\Debug</Filter>
    </ClCompile>
    <ClCompile Include="GeneratedFiles\Release\moc_FileIconProvider.cpp">
      <Filter>Generated Files\Release</Filter>
    </ClCompile>
    <ClCompile Include="core\FileIconProvider.cpp">
      <Filter>Source Files</Filter>
    </ClCompile>
  </ItemGroup>
  <ItemGroup>
    <CustomBuild Include="core\Build_Increment.h">
      <Filter>core</Filter>
    </CustomBuild>
    <CustomBuild Include="core\defs.h">
      <Filter>core</Filter>
    </CustomBuild>
    <CustomBuild Include="core\EmailNotifier.h">
      <Filter>core</Filter>
    </CustomBuild>
    <CustomBuild Include="core\GroupForFileFiltering.h">
      <Filter>core</Filter>
    </CustomBuild>
    <CustomBuild Include="core\ServiceCommon.h">
      <Filter>core</Filter>
    </CustomBuild>
    <CustomBuild Include="core\Singleton.h">
      <Filter>core</Filter>
    </CustomBuild>
    <CustomBuild Include="core\SympleCrypt.h">
      <Filter>core</Filter>
    </CustomBuild>
    <CustomBuild Include="core\TorrentGroup.h">
      <Filter>core</Filter>
    </CustomBuild>
    <CustomBuild Include="core\TreeItem.h">
      <Filter>core</Filter>
    </CustomBuild>
    <CustomBuild Include="core\Version.h">
      <Filter>core</Filter>
    </CustomBuild>
    <CustomBuild Include="core\versionInfo.h">
      <Filter>core</Filter>
    </CustomBuild>
    <CustomBuild Include="GeneratedFiles\ui_AddDownloadRuleDialog.h">
      <Filter>GeneratedFiles</Filter>
    </CustomBuild>
    <CustomBuild Include="GeneratedFiles\ui_CreateTorrentDialog.h">
      <Filter>GeneratedFiles</Filter>
    </CustomBuild>
    <CustomBuild Include="GeneratedFiles\ui_CustomWindow.h">
      <Filter>GeneratedFiles</Filter>
    </CustomBuild>
    <CustomBuild Include="GeneratedFiles\ui_InitializtionDialog.h">
      <Filter>GeneratedFiles</Filter>
    </CustomBuild>
    <CustomBuild Include="GeneratedFiles\ui_messagebox.h">
      <Filter>GeneratedFiles</Filter>
    </CustomBuild>
    <CustomBuild Include="GeneratedFiles\ui_mrichtextedit.h">
      <Filter>GeneratedFiles</Filter>
    </CustomBuild>
    <CustomBuild Include="GeneratedFiles\ui_multipleDt.h">
      <Filter>GeneratedFiles</Filter>
    </CustomBuild>
    <CustomBuild Include="GeneratedFiles\ui_OpenTorrentDialog.h">
      <Filter>GeneratedFiles</Filter>
    </CustomBuild>
    <CustomBuild Include="GeneratedFiles\ui_RaitingDialog.h">
      <Filter>GeneratedFiles</Filter>
    </CustomBuild>
    <CustomBuild Include="GeneratedFiles\ui_RssFeedSettingsDialog.h">
      <Filter>GeneratedFiles</Filter>
    </CustomBuild>
    <CustomBuild Include="GeneratedFiles\ui_SettingsDialog.h">
      <Filter>GeneratedFiles</Filter>
    </CustomBuild>
    <CustomBuild Include="GeneratedFiles\ui_SpeedLimitDialog.h">
      <Filter>GeneratedFiles</Filter>
    </CustomBuild>
    <CustomBuild Include="GeneratedFiles\ui_VideoFileChoose.h">
      <Filter>GeneratedFiles</Filter>
    </CustomBuild>
    <CustomBuild Include="Resources\resource.h">
      <Filter>Resources</Filter>
    </CustomBuild>
    <CustomBuild Include="rss\core\RssParser.h">
      <Filter>rss\core</Filter>
    </CustomBuild>
    <CustomBuild Include="rss\datamodels\RssBaseTreeItem.h">
      <Filter>rss\datamodels</Filter>
    </CustomBuild>
    <CustomBuild Include="rss\datamodels\RssDownloadRule.h">
      <Filter>rss\datamodels</Filter>
    </CustomBuild>
    <CustomBuild Include="rss\datamodels\RssFeedItemTreeItem.h">
      <Filter>rss\datamodels</Filter>
    </CustomBuild>
    <CustomBuild Include="rss\datamodels\RssFeedTreeItem.h">
      <Filter>rss\datamodels</Filter>
    </CustomBuild>
    <CustomBuild Include="rss\RssCommon.h">
      <Filter>rss</Filter>
    </CustomBuild>
    <CustomBuild Include="rss\viewmodels\QRssFilterModel.h">
      <Filter>rss\viewmodels</Filter>
    </CustomBuild>
    <CustomBuild Include="scheduller\SchedulerTask.h">
      <Filter>scheduller</Filter>
    </CustomBuild>
    <CustomBuild Include="search\core\SearchCommon.h">
      <Filter>search\core</Filter>
    </CustomBuild>
    <CustomBuild Include="search\dataModels\searchitem.h">
      <Filter>search\dataModels</Filter>
    </CustomBuild>
    <CustomBuild Include="search\dataModels\SerachResult.h">
      <Filter>search\dataModels</Filter>
    </CustomBuild>
    <CustomBuild Include="search\viewmodels\QSearchFilterModel.h">
      <Filter>search\viewmodels</Filter>
    </CustomBuild>
    <CustomBuild Include="torrent\core\TorrentCommon.h">
      <Filter>torrent\core</Filter>
    </CustomBuild>
    <CustomBuild Include="torrent\core\TorrentStorrage.h">
      <Filter>torrent\core</Filter>
    </CustomBuild>
    <CustomBuild Include="torrent\viewmodels\PeerSortModel.h">
      <Filter>torrent\viewmodels</Filter>
    </CustomBuild>
    <CustomBuild Include="tracker\AnnounceRequest.h">
      <Filter>tracker</Filter>
    </CustomBuild>
    <CustomBuild Include="tracker\trackercommon.h">
      <Filter>tracker</Filter>
    </CustomBuild>
    <CustomBuild Include="webControll\FileSystemController.h">
      <Filter>webControll</Filter>
    </CustomBuild>
    <CustomBuild Include="webControll\RconCommon.h">
      <Filter>webControll</Filter>
    </CustomBuild>
    <CustomBuild Include="webControll\RssCommandsApiController.h">
      <Filter>webControll</Filter>
    </CustomBuild>
    <CustomBuild Include="webControll\RssController.h">
      <Filter>webControll</Filter>
    </CustomBuild>
    <CustomBuild Include="webControll\UploadController.h">
      <Filter>webControll</Filter>
    </CustomBuild>
    <CustomBuild Include="webControll\TorrentCommandsApiController.h">
      <Filter>webControll</Filter>
    </CustomBuild>
    <CustomBuild Include="webControll\TorrentApiController.h">
      <Filter>webControll</Filter>
    </CustomBuild>
    <CustomBuild Include="webControll\SettingsAPiController.h">
      <Filter>webControll</Filter>
    </CustomBuild>
    <CustomBuild Include="webControll\RequestMapper.h">
      <Filter>webControll</Filter>
    </CustomBuild>
    <CustomBuild Include="webControll\RconWebService.h">
      <Filter>webControll</Filter>
    </CustomBuild>
    <CustomBuild Include="webControll\MagnetApiController.h">
      <Filter>webControll</Filter>
    </CustomBuild>
    <CustomBuild Include="tracker\trackerrequestmapper.h">
      <Filter>tracker</Filter>
    </CustomBuild>
    <CustomBuild Include="tracker\torrentracker.h">
      <Filter>tracker</Filter>
    </CustomBuild>
    <CustomBuild Include="torrent\viewmodels\QTorrentFilterProxyModel.h">
      <Filter>torrent\viewmodels</Filter>
    </CustomBuild>
    <CustomBuild Include="torrent\viewmodels\QTorrentDisplayModel.h">
      <Filter>torrent\viewmodels</Filter>
    </CustomBuild>
    <CustomBuild Include="torrent\viewmodels\PeerTableModel.h">
      <Filter>torrent\viewmodels</Filter>
    </CustomBuild>
    <CustomBuild Include="torrent\viewmodels\ItemDelegate\QTorrentItemDelegat.h">
      <Filter>torrent\viewmodels\ItemDelegate</Filter>
    </CustomBuild>
    <CustomBuild Include="torrent\gui\Dialogs\OpenTorrentDialog.h">
      <Filter>torrent\gui\Dialogs</Filter>
    </CustomBuild>
    <CustomBuild Include="torrent\gui\Dialogs\CreateTorrentDialog.h">
      <Filter>torrent\gui\Dialogs</Filter>
    </CustomBuild>
    <CustomBuild Include="torrent\gui\Controls\PieceAvailabilityWidget.h">
      <Filter>torrent\gui\Controls</Filter>
    </CustomBuild>
    <CustomBuild Include="torrent\gui\Controls\peicedisplaywidget.h">
      <Filter>torrent\gui\Controls</Filter>
    </CustomBuild>
    <CustomBuild Include="torrent\core\TorrentManager.h">
      <Filter>torrent\core</Filter>
    </CustomBuild>
    <CustomBuild Include="torrent\core\Torrent.h">
      <Filter>torrent\core</Filter>
    </CustomBuild>
    <CustomBuild Include="torrent\core\MetaDataDownloadWaiter.h">
      <Filter>torrent\core</Filter>
    </CustomBuild>
    <CustomBuild Include="torrent\core\FileSystemTorrentWatcher.h">
      <Filter>torrent\core</Filter>
    </CustomBuild>
    <CustomBuild Include="search\viewmodels\QSearchDisplayModel.h">
      <Filter>search\viewmodels</Filter>
    </CustomBuild>
    <CustomBuild Include="search\viewmodels\ItemDelegate\QSearchItemDelegate.h">
      <Filter>search\viewmodels\ItemDelegate</Filter>
    </CustomBuild>
    <CustomBuild Include="search\searchproviders\CustomScriptSearchProvider.h">
      <Filter>search\searchproviders</Filter>
    </CustomBuild>
    <CustomBuild Include="search\dataModels\SearchResult.h">
      <Filter>search\dataModels</Filter>
    </CustomBuild>
    <CustomBuild Include="search\core\SearchItemsStorrage.h">
      <Filter>search\core</Filter>
    </CustomBuild>
    <CustomBuild Include="search\core\SearchEngine.h">
      <Filter>search\core</Filter>
    </CustomBuild>
    <CustomBuild Include="search\core\ISerachProvider.h">
      <Filter>search\core</Filter>
    </CustomBuild>
    <CustomBuild Include="scheduller\Scheduller.h">
      <Filter>scheduller</Filter>
    </CustomBuild>
    <CustomBuild Include="rss\viewmodels\QRssDisplayModel.h">
      <Filter>rss\viewmodels</Filter>
    </CustomBuild>
    <CustomBuild Include="rss\viewmodels\ItemDelegate\QRssItemDelegate.h">
      <Filter>rss\viewmodels\ItemDelegate</Filter>
    </CustomBuild>
    <CustomBuild Include="rss\gui\Dialogs\RssFeedSettingsDialog.h">
      <Filter>rss\gui\Dialogs</Filter>
    </CustomBuild>
    <CustomBuild Include="rss\gui\Dialogs\AddRssDwonloadRuleDialog.h">
      <Filter>rss\gui\Dialogs</Filter>
    </CustomBuild>
    <CustomBuild Include="rss\core\RssManager.h">
      <Filter>rss\core</Filter>
    </CustomBuild>
    <CustomBuild Include="rss\core\RssItem.h">
      <Filter>rss\core</Filter>
    </CustomBuild>
    <CustomBuild Include="rss\core\RssFeed.h">
      <Filter>rss\core</Filter>
    </CustomBuild>
    <CustomBuild Include="core\UpdateNotyfier.h">
      <Filter>core</Filter>
    </CustomBuild>
    <CustomBuild Include="core\TorrentGroupsManager.h">
      <Filter>core</Filter>
    </CustomBuild>
    <CustomBuild Include="core\StyleEngene.h">
      <Filter>core</Filter>
    </CustomBuild>
    <CustomBuild Include="core\QApplicationSettings.h">
      <Filter>core</Filter>
    </CustomBuild>
    <CustomBuild Include="core\PowerManagement.h">
      <Filter>core</Filter>
    </CustomBuild>
    <CustomBuild Include="core\NotificationSystem.h">
      <Filter>core</Filter>
    </CustomBuild>
    <CustomBuild Include="core\NetworkDiskCache.h">
      <Filter>core</Filter>
    </CustomBuild>
    <CustomBuild Include="core\IpToCountryResolver.h">
      <Filter>core</Filter>
    </CustomBuild>
    <CustomBuild Include="core\InitializationWorker.h">
      <Filter>core</Filter>
    </CustomBuild>
    <CustomBuild Include="core\filedownloader.h">
      <Filter>core</Filter>
    </CustomBuild>
    <CustomBuild Include="core\file_entry.h">
      <Filter>core</Filter>
    </CustomBuild>
    <CustomBuild Include="core\FaviconDownloader.h">
      <Filter>core</Filter>
    </CustomBuild>
    <CustomBuild Include="core\EmailValidator.h">
      <Filter>core</Filter>
    </CustomBuild>
    <CustomBuild Include="core\application.h">
      <Filter>core</Filter>
    </CustomBuild>
    <CustomBuild Include="core\avaliableSpacePlugin\avaliable_space_verifier_plugin.h">
      <Filter>core\avaliableSpacePlugin</Filter>
    </CustomBuild>
    <CustomBuild Include="core\collections\ObservableList.h">
      <Filter>core\collections</Filter>
    </CustomBuild>
    <CustomBuild Include="core\datamodels\FileViewTreeItem.h">
      <Filter>core\datamodels</Filter>
    </CustomBuild>
    <CustomBuild Include="core\datamodels\FilterTreeItem.h">
      <Filter>core\datamodels</Filter>
    </CustomBuild>
    <CustomBuild Include="core\datamodels\json\json.h">
      <Filter>core\datamodels\json</Filter>
    </CustomBuild>
    <CustomBuild Include="core\gui\Controls\QBaloon.h">
      <Filter>core\gui\Controls</Filter>
    </CustomBuild>
    <CustomBuild Include="core\gui\Controls\StyledProgressBar.h">
      <Filter>core\gui\Controls</Filter>
    </CustomBuild>
    <CustomBuild Include="core\gui\Dialogs\CustomWindow.h">
      <Filter>core\gui\Dialogs</Filter>
    </CustomBuild>
    <CustomBuild Include="core\gui\Utils\UIPropertyGetters.h">
      <Filter>core\gui\Utils</Filter>
    </CustomBuild>
    <CustomBuild Include="core\gui\Utils\UIPropertySetters.h">
      <Filter>core\gui\Utils</Filter>
    </CustomBuild>
    <CustomBuild Include="core\gui\Utils\ValueGetters.h">
      <Filter>core\gui\Utils</Filter>
    </CustomBuild>
    <CustomBuild Include="core\gui\Utils\ValueSetters.h">
      <Filter>core\gui\Utils</Filter>
    </CustomBuild>
    <CustomBuild Include="core\helpers\DT_mounter.h">
      <Filter>core\helpers</Filter>
    </CustomBuild>
    <CustomBuild Include="core\helpers\StaticHelpers.h">
      <Filter>core\helpers</Filter>
    </CustomBuild>
    <CustomBuild Include="core\helpers\VirtualDiskMounter.h">
      <Filter>core\helpers</Filter>
    </CustomBuild>
    <CustomBuild Include="core\http\httpcookie.h">
      <Filter>core\http</Filter>
    </CustomBuild>
    <CustomBuild Include="core\http\httprequest.h">
      <Filter>core\http</Filter>
    </CustomBuild>
    <CustomBuild Include="core\http\httpresponse.h">
      <Filter>core\http</Filter>
    </CustomBuild>
    <CustomBuild Include="core\http\httpsession.h">
      <Filter>core\http</Filter>
    </CustomBuild>
    <CustomBuild Include="core\qtsingleapplication\src\qtlockedfile.h">
      <Filter>core\qtsingleapplication\src</Filter>
    </CustomBuild>
    <CustomBuild Include="core\smtp\emailaddress.h">
      <Filter>core\smtp</Filter>
    </CustomBuild>
    <CustomBuild Include="core\smtp\mimeattachment.h">
      <Filter>core\smtp</Filter>
    </CustomBuild>
    <CustomBuild Include="core\smtp\mimebase64encoder.h">
      <Filter>core\smtp</Filter>
    </CustomBuild>
    <CustomBuild Include="core\smtp\mimebase64formatter.h">
      <Filter>core\smtp</Filter>
    </CustomBuild>
    <CustomBuild Include="core\smtp\mimebytearrayattachment.h">
      <Filter>core\smtp</Filter>
    </CustomBuild>
    <CustomBuild Include="core\smtp\mimecontentencoder.h">
      <Filter>core\smtp</Filter>
    </CustomBuild>
    <CustomBuild Include="core\smtp\mimecontentformatter.h">
      <Filter>core\smtp</Filter>
    </CustomBuild>
    <CustomBuild Include="core\smtp\mimefile.h">
      <Filter>core\smtp</Filter>
    </CustomBuild>
    <CustomBuild Include="core\smtp\mimehtml.h">
      <Filter>core\smtp</Filter>
    </CustomBuild>
    <CustomBuild Include="core\smtp\mimeinlinefile.h">
      <Filter>core\smtp</Filter>
    </CustomBuild>
    <CustomBuild Include="core\smtp\mimemessage.h">
      <Filter>core\smtp</Filter>
    </CustomBuild>
    <CustomBuild Include="core\smtp\mimemultipart.h">
      <Filter>core\smtp</Filter>
    </CustomBuild>
    <CustomBuild Include="core\smtp\mimepart.h">
      <Filter>core\smtp</Filter>
    </CustomBuild>
    <CustomBuild Include="core\smtp\mimeqpencoder.h">
      <Filter>core\smtp</Filter>
    </CustomBuild>
    <CustomBuild Include="core\smtp\mimeqpformatter.h">
      <Filter>core\smtp</Filter>
    </CustomBuild>
    <CustomBuild Include="core\smtp\mimetext.h">
      <Filter>core\smtp</Filter>
    </CustomBuild>
    <CustomBuild Include="core\smtp\quotedprintable.h">
      <Filter>core\smtp</Filter>
    </CustomBuild>
    <CustomBuild Include="core\smtp\smtpmime_global.h">
      <Filter>core\smtp</Filter>
    </CustomBuild>
    <CustomBuild Include="core\viewModel\FileTreeSortProxyModel.h">
      <Filter>core\viewModel</Filter>
    </CustomBuild>
    <CustomBuild Include="core\viewModel\FileViewSortProxyModel.h">
      <Filter>core\viewModel</Filter>
    </CustomBuild>
    <CustomBuild Include="core\zip\crypt.h">
      <Filter>core\zip</Filter>
    </CustomBuild>
    <CustomBuild Include="core\zip\ioapi.h">
      <Filter>core\zip</Filter>
    </CustomBuild>
    <CustomBuild Include="core\zip\JlCompress.h">
      <Filter>core\zip</Filter>
    </CustomBuild>
    <CustomBuild Include="core\zip\quaadler32.h">
      <Filter>core\zip</Filter>
    </CustomBuild>
    <CustomBuild Include="core\zip\quachecksum32.h">
      <Filter>core\zip</Filter>
    </CustomBuild>
    <CustomBuild Include="core\zip\quacrc32.h">
      <Filter>core\zip</Filter>
    </CustomBuild>
    <CustomBuild Include="core\zip\quazip.h">
      <Filter>core\zip</Filter>
    </CustomBuild>
    <CustomBuild Include="core\zip\quazipdir.h">
      <Filter>core\zip</Filter>
    </CustomBuild>
    <CustomBuild Include="core\zip\quazipfileinfo.h">
      <Filter>core\zip</Filter>
    </CustomBuild>
    <CustomBuild Include="core\zip\quazipnewinfo.h">
      <Filter>core\zip</Filter>
    </CustomBuild>
    <CustomBuild Include="core\zip\unzip.h">
      <Filter>core\zip</Filter>
    </CustomBuild>
    <CustomBuild Include="core\zip\zip.h">
      <Filter>core\zip</Filter>
    </CustomBuild>
    <CustomBuild Include="core\zip\quazipfile.h">
      <Filter>core\zip</Filter>
    </CustomBuild>
    <CustomBuild Include="core\zip\quazip_global.h">
      <Filter>core\zip</Filter>
    </CustomBuild>
    <CustomBuild Include="core\zip\quaziodevice.h">
      <Filter>core\zip</Filter>
    </CustomBuild>
    <CustomBuild Include="core\zip\quagzipfile.h">
      <Filter>core\zip</Filter>
    </CustomBuild>
    <CustomBuild Include="core\viewModel\FiltersViewModel.h">
      <Filter>core\viewModel</Filter>
    </CustomBuild>
    <CustomBuild Include="core\viewModel\FileViewModel.h">
      <Filter>core\viewModel</Filter>
    </CustomBuild>
    <CustomBuild Include="core\viewModel\FileTreeModel.h">
      <Filter>core\viewModel</Filter>
    </CustomBuild>
    <CustomBuild Include="core\viewModel\itemDelegate\FileSizeItemDelegate.h">
      <Filter>core\viewModel\itemDelegate</Filter>
    </CustomBuild>
    <CustomBuild Include="core\viewModel\itemDelegate\IpItemDelegate.h">
      <Filter>core\viewModel\itemDelegate</Filter>
    </CustomBuild>
    <CustomBuild Include="core\viewModel\itemDelegate\ProgressItemDelegate.h">
      <Filter>core\viewModel\itemDelegate</Filter>
    </CustomBuild>
    <CustomBuild Include="core\viewModel\itemDelegate\SpeedItemDelegate.h">
      <Filter>core\viewModel\itemDelegate</Filter>
    </CustomBuild>
    <CustomBuild Include="core\viewModel\itemDelegate\TimeItemDelegate.h">
      <Filter>core\viewModel\itemDelegate</Filter>
    </CustomBuild>
    <CustomBuild Include="core\viewModel\itemDelegate\PriorityItemDelegate.h">
      <Filter>core\viewModel\itemDelegate</Filter>
    </CustomBuild>
    <CustomBuild Include="core\smtp\smtpclient.h">
      <Filter>core\smtp</Filter>
    </CustomBuild>
    <CustomBuild Include="core\qtsingleapplication\src\qtsinglecoreapplication.h">
      <Filter>core\qtsingleapplication\src</Filter>
    </CustomBuild>
    <CustomBuild Include="core\qtsingleapplication\src\qtsingleapplication.h">
      <Filter>core\qtsingleapplication\src</Filter>
    </CustomBuild>
    <CustomBuild Include="core\qtsingleapplication\src\qtlocalpeer.h">
      <Filter>core\qtsingleapplication\src</Filter>
    </CustomBuild>
    <CustomBuild Include="core\http\staticfilecontroller.h">
      <Filter>core\http</Filter>
    </CustomBuild>
    <CustomBuild Include="core\http\httpsessionstore.h">
      <Filter>core\http</Filter>
    </CustomBuild>
    <CustomBuild Include="core\http\httprequesthandler.h">
      <Filter>core\http</Filter>
    </CustomBuild>
    <CustomBuild Include="core\http\httplistener.h">
      <Filter>core\http</Filter>
    </CustomBuild>
    <CustomBuild Include="core\http\httpconnectionhandlerpool.h">
      <Filter>core\http</Filter>
    </CustomBuild>
    <CustomBuild Include="core\http\httpconnectionhandler.h">
      <Filter>core\http</Filter>
    </CustomBuild>
    <CustomBuild Include="core\gui\Utils\SettingsPropertyMapper.h">
      <Filter>core\gui\Utils</Filter>
    </CustomBuild>
    <CustomBuild Include="core\gui\ImportWizard\ImportWizard.h">
      <Filter>core\gui\ImportWizard</Filter>
    </CustomBuild>
    <CustomBuild Include="core\gui\ImportWizard\ImportPage.h">
      <Filter>core\gui\ImportWizard</Filter>
    </CustomBuild>
    <CustomBuild Include="core\gui\ImportWizard\ImportIntroPage.h">
      <Filter>core\gui\ImportWizard</Filter>
    </CustomBuild>
    <CustomBuild Include="core\gui\ImportWizard\ImportFinishPage.h">
      <Filter>core\gui\ImportWizard</Filter>
    </CustomBuild>
    <CustomBuild Include="core\gui\ImportWizard\ChoseDataPage.h">
      <Filter>core\gui\ImportWizard</Filter>
    </CustomBuild>
    <CustomBuild Include="core\gui\ImportWizard\Importers\ImporterRegistrar.h">
      <Filter>core\gui\ImportWizard\Importers</Filter>
    </CustomBuild>
    <CustomBuild Include="core\gui\ImportWizard\Importers\ImportersManager.h">
      <Filter>core\gui\ImportWizard\Importers</Filter>
    </CustomBuild>
    <CustomBuild Include="core\gui\ImportWizard\Importers\UTorrentImporter.h">
      <Filter>core\gui\ImportWizard\Importers</Filter>
    </CustomBuild>
    <CustomBuild Include="core\gui\ImportWizard\Importers\BaseImporter.h">
      <Filter>core\gui\ImportWizard\Importers</Filter>
    </CustomBuild>
    <CustomBuild Include="core\gui\Dialogs\VideoFileChooseDialog.h">
      <Filter>core\gui\Dialogs</Filter>
    </CustomBuild>
    <CustomBuild Include="core\gui\Dialogs\SpeedLimitDialog.h">
      <Filter>core\gui\Dialogs</Filter>
    </CustomBuild>
    <CustomBuild Include="core\gui\Dialogs\SettingsDialog.h">
      <Filter>core\gui\Dialogs</Filter>
    </CustomBuild>
    <CustomBuild Include="core\gui\Dialogs\RaitingDialog.h">
      <Filter>core\gui\Dialogs</Filter>
    </CustomBuild>
    <CustomBuild Include="core\gui\Dialogs\MultipleDTDialog.h">
      <Filter>core\gui\Dialogs</Filter>
    </CustomBuild>
    <CustomBuild Include="core\gui\Dialogs\InitializationDialog.h">
      <Filter>core\gui\Dialogs</Filter>
    </CustomBuild>
    <CustomBuild Include="core\gui\Dialogs\CuteTorrentMainWindow.h">
      <Filter>core\gui\Dialogs</Filter>
    </CustomBuild>
    <CustomBuild Include="core\gui\Controls\TreeBox.h">
      <Filter>core\gui\Controls</Filter>
    </CustomBuild>
    <CustomBuild Include="core\gui\Controls\SortButton.h">
      <Filter>core\gui\Controls</Filter>
    </CustomBuild>
    <CustomBuild Include="core\gui\Controls\searchlineedit.h">
      <Filter>core\gui\Controls</Filter>
    </CustomBuild>
    <CustomBuild Include="core\gui\Controls\RaitingWidget.h">
      <Filter>core\gui\Controls</Filter>
    </CustomBuild>
    <CustomBuild Include="core\gui\Controls\qkeyedit.h">
      <Filter>core\gui\Controls</Filter>
    </CustomBuild>
    <CustomBuild Include="core\gui\Controls\messagebox.h">
      <Filter>core\gui\Controls</Filter>
    </CustomBuild>
    <CustomBuild Include="core\gui\Controls\HtmlView.h">
      <Filter>core\gui\Controls</Filter>
    </CustomBuild>
    <CustomBuild Include="core\gui\Controls\EditableHeaderView.h">
      <Filter>core\gui\Controls</Filter>
    </CustomBuild>
    <CustomBuild Include="core\gui\Controls\CheckableMenu.h">
      <Filter>core\gui\Controls</Filter>
    </CustomBuild>
    <CustomBuild Include="core\gui\Controls\MRichTextEdit\mtextedit.h">
      <Filter>core\gui\Controls\MRichTextEdit</Filter>
    </CustomBuild>
    <CustomBuild Include="core\gui\Controls\MRichTextEdit\mrichtextedit.h">
      <Filter>core\gui\Controls\MRichTextEdit</Filter>
    </CustomBuild>
    <CustomBuild Include="core\gui\backupwizard\intropage.h">
      <Filter>core\gui\backupwizard</Filter>
    </CustomBuild>
    <CustomBuild Include="core\gui\backupwizard\finishpage.h">
      <Filter>core\gui\backupwizard</Filter>
    </CustomBuild>
    <CustomBuild Include="core\gui\backupwizard\createbackuppage.h">
      <Filter>core\gui\backupwizard</Filter>
    </CustomBuild>
    <CustomBuild Include="core\gui\backupwizard\backupwizard.h">
      <Filter>core\gui\backupwizard</Filter>
    </CustomBuild>
    <CustomBuild Include="core\gui\backupwizard\applybackuppage.h">
      <Filter>core\gui\backupwizard</Filter>
    </CustomBuild>
    <CustomBuild Include="core\datamodels\SGML\QSgmlTag.h">
      <Filter>core\datamodels\SGML</Filter>
    </CustomBuild>
    <CustomBuild Include="core\datamodels\SGML\QSgml.h">
      <Filter>core\datamodels\SGML</Filter>
    </CustomBuild>
    <CustomBuild Include="core\collections\ObservebaleCollectionBase.h">
      <Filter>core\collections</Filter>
    </CustomBuild>
    <CustomBuild Include="core\gui\FormFiles\CustomWindow.ui">
      <Filter>Form Files</Filter>
    </CustomBuild>
    <CustomBuild Include="core\gui\FormFiles\InitializtionDialog.ui">
      <Filter>Form Files</Filter>
    </CustomBuild>
    <CustomBuild Include="core\gui\FormFiles\messagebox.ui">
      <Filter>Form Files</Filter>
    </CustomBuild>
    <CustomBuild Include="core\gui\FormFiles\multipleDt.ui">
      <Filter>Form Files</Filter>
    </CustomBuild>
    <CustomBuild Include="core\gui\FormFiles\RaitingDialog.ui">
      <Filter>Form Files</Filter>
    </CustomBuild>
    <CustomBuild Include="core\gui\FormFiles\SettingsDialog.ui">
      <Filter>Form Files</Filter>
    </CustomBuild>
    <CustomBuild Include="core\gui\FormFiles\SpeedLimitDialog.ui">
      <Filter>Form Files</Filter>
    </CustomBuild>
    <CustomBuild Include="core\gui\FormFiles\VideoFileChoose.ui">
      <Filter>Form Files</Filter>
    </CustomBuild>
    <CustomBuild Include="Resources\ltorrent.qrc">
      <Filter>Resources</Filter>
    </CustomBuild>
    <CustomBuild Include="core\FileIconProvider.h">
      <Filter>Header Files</Filter>
    </CustomBuild>
  </ItemGroup>
  <ItemGroup>
    <ResourceCompile Include="Resources\CuteTorrentVS.rc">
      <Filter>Resources</Filter>
    </ResourceCompile>
  </ItemGroup>
  <ItemGroup>
    <Image Include="Resources\app.ico">
      <Filter>Resource Files</Filter>
    </Image>
    <Image Include="Resources\iconOverlay.ico">
      <Filter>Resource Files</Filter>
    </Image>
    <Image Include="Resources\playerImages\ControlBar.png">
      <Filter>Resource Files</Filter>
    </Image>
    <Image Include="Resources\playerImages\FileButton.png">
      <Filter>Resource Files</Filter>
    </Image>
    <Image Include="Resources\playerImages\FullscreenButton.png">
      <Filter>Resource Files</Filter>
    </Image>
    <Image Include="Resources\playerImages\PauseButton.png">
      <Filter>Resource Files</Filter>
    </Image>
    <Image Include="Resources\playerImages\PlayButton.png">
      <Filter>Resource Files</Filter>
    </Image>
    <Image Include="Resources\playerImages\RateButtonForward.png">
      <Filter>Resource Files</Filter>
    </Image>
    <Image Include="Resources\playerImages\RateButtonReverse.png">
      <Filter>Resource Files</Filter>
    </Image>
    <Image Include="Resources\playerImages\UrlButton.png">
      <Filter>Resource Files</Filter>
    </Image>
    <Image Include="Resources\playerImages\pattern.png">
      <Filter>Resource Files</Filter>
    </Image>
    <Image Include="Resources\images\loader.gif">
      <Filter>Resource Files</Filter>
    </Image>
    <Image Include="Resources\images\star-off.png">
      <Filter>Resource Files</Filter>
    </Image>
    <Image Include="Resources\images\star-on.png">
      <Filter>Resource Files</Filter>
    </Image>
  </ItemGroup>
  <ItemGroup>
    <None Include="Resources\translations\Language.en-US.qm">
      <Filter>Resource Files</Filter>
    </None>
    <None Include="Resources\translations\Language.ru-RU.qm">
      <Filter>Resource Files</Filter>
    </None>
    <None Include="Resources\translations\Language.en-US.ts">
      <Filter>Resources\Translations</Filter>
    </None>
    <None Include="Resources\translations\Language.ru-RU.ts">
      <Filter>Resources\Translations</Filter>
    </None>
  </ItemGroup>
  <ItemGroup>
    <Xml Include="Resources\mime\packages\freedesktop.org.xml">
      <Filter>Resource Files</Filter>
    </Xml>
  </ItemGroup>
</Project>